// !$*UTF8*$!
{
	archiveVersion = 1;
	classes = {
	};
	objectVersion = 50;
	objects = {

/* Begin PBXBuildFile section */
		3A7FABB122873EA200A7A94A /* HttpService.swift in Sources */ = {isa = PBXBuildFile; fileRef = 3A7FABB022873EA200A7A94A /* HttpService.swift */; };
		3A7FABB222873EA200A7A94A /* HttpService.swift in Sources */ = {isa = PBXBuildFile; fileRef = 3A7FABB022873EA200A7A94A /* HttpService.swift */; };
		3A7FABB322873EA200A7A94A /* HttpService.swift in Sources */ = {isa = PBXBuildFile; fileRef = 3A7FABB022873EA200A7A94A /* HttpService.swift */; };
		3A7FABB52287554C00A7A94A /* ViewControllerExtension.swift in Sources */ = {isa = PBXBuildFile; fileRef = 3A7FABB42287554C00A7A94A /* ViewControllerExtension.swift */; };
		3A7FABB62287554C00A7A94A /* ViewControllerExtension.swift in Sources */ = {isa = PBXBuildFile; fileRef = 3A7FABB42287554C00A7A94A /* ViewControllerExtension.swift */; };
		3A7FABB72287554C00A7A94A /* ViewControllerExtension.swift in Sources */ = {isa = PBXBuildFile; fileRef = 3A7FABB42287554C00A7A94A /* ViewControllerExtension.swift */; };
		3ABBE381227DD0E300A7D386 /* AppDelegate.swift in Sources */ = {isa = PBXBuildFile; fileRef = 3ABBE380227DD0E300A7D386 /* AppDelegate.swift */; };
		3ABBE389227DD0E300A7D386 /* Vox.xcdatamodeld in Sources */ = {isa = PBXBuildFile; fileRef = 3ABBE387227DD0E300A7D386 /* Vox.xcdatamodeld */; };
		3ABBE38B227DD0E500A7D386 /* Assets.xcassets in Resources */ = {isa = PBXBuildFile; fileRef = 3ABBE38A227DD0E500A7D386 /* Assets.xcassets */; };
		3ABBE38E227DD0E500A7D386 /* LaunchScreen.storyboard in Resources */ = {isa = PBXBuildFile; fileRef = 3ABBE38C227DD0E500A7D386 /* LaunchScreen.storyboard */; };
		3ABBE399227DD0E500A7D386 /* VoxTests.swift in Sources */ = {isa = PBXBuildFile; fileRef = 3ABBE398227DD0E500A7D386 /* VoxTests.swift */; };
		3ABBE3A4227DD0E500A7D386 /* VoxUITests.swift in Sources */ = {isa = PBXBuildFile; fileRef = 3ABBE3A3227DD0E500A7D386 /* VoxUITests.swift */; };
		3ABBE3BC227E138E00A7D386 /* CoreDataStore.swift in Sources */ = {isa = PBXBuildFile; fileRef = 3ABBE3BB227E138E00A7D386 /* CoreDataStore.swift */; };
		3ABBE3BD227E138E00A7D386 /* CoreDataStore.swift in Sources */ = {isa = PBXBuildFile; fileRef = 3ABBE3BB227E138E00A7D386 /* CoreDataStore.swift */; };
		3ABBE3BE227E138E00A7D386 /* CoreDataStore.swift in Sources */ = {isa = PBXBuildFile; fileRef = 3ABBE3BB227E138E00A7D386 /* CoreDataStore.swift */; };
		3ABBE3C0227E17BA00A7D386 /* PeopleRecognitionProtocols.swift in Sources */ = {isa = PBXBuildFile; fileRef = 3ABBE3BF227E17BA00A7D386 /* PeopleRecognitionProtocols.swift */; };
		3ABBE3C1227E17BA00A7D386 /* PeopleRecognitionProtocols.swift in Sources */ = {isa = PBXBuildFile; fileRef = 3ABBE3BF227E17BA00A7D386 /* PeopleRecognitionProtocols.swift */; };
		3ABBE3C2227E17BA00A7D386 /* PeopleRecognitionProtocols.swift in Sources */ = {isa = PBXBuildFile; fileRef = 3ABBE3BF227E17BA00A7D386 /* PeopleRecognitionProtocols.swift */; };
		3ABBE3C4227E190800A7D386 /* PeopleRecognitionViewController.swift in Sources */ = {isa = PBXBuildFile; fileRef = 3ABBE3C3227E190800A7D386 /* PeopleRecognitionViewController.swift */; };
		3ABBE3C5227E190800A7D386 /* PeopleRecognitionViewController.swift in Sources */ = {isa = PBXBuildFile; fileRef = 3ABBE3C3227E190800A7D386 /* PeopleRecognitionViewController.swift */; };
		3ABBE3C6227E190800A7D386 /* PeopleRecognitionViewController.swift in Sources */ = {isa = PBXBuildFile; fileRef = 3ABBE3C3227E190800A7D386 /* PeopleRecognitionViewController.swift */; };
		3ABBE3C8227E198300A7D386 /* PeopleRecognitionPresenter.swift in Sources */ = {isa = PBXBuildFile; fileRef = 3ABBE3C7227E198300A7D386 /* PeopleRecognitionPresenter.swift */; };
		3ABBE3C9227E198300A7D386 /* PeopleRecognitionPresenter.swift in Sources */ = {isa = PBXBuildFile; fileRef = 3ABBE3C7227E198300A7D386 /* PeopleRecognitionPresenter.swift */; };
		3ABBE3CA227E198300A7D386 /* PeopleRecognitionPresenter.swift in Sources */ = {isa = PBXBuildFile; fileRef = 3ABBE3C7227E198300A7D386 /* PeopleRecognitionPresenter.swift */; };
		3ABBE3CC227E1A1E00A7D386 /* PeopleRecognitionInteractor.swift in Sources */ = {isa = PBXBuildFile; fileRef = 3ABBE3CB227E1A1E00A7D386 /* PeopleRecognitionInteractor.swift */; };
		3ABBE3CD227E1A1E00A7D386 /* PeopleRecognitionInteractor.swift in Sources */ = {isa = PBXBuildFile; fileRef = 3ABBE3CB227E1A1E00A7D386 /* PeopleRecognitionInteractor.swift */; };
		3ABBE3CE227E1A1E00A7D386 /* PeopleRecognitionInteractor.swift in Sources */ = {isa = PBXBuildFile; fileRef = 3ABBE3CB227E1A1E00A7D386 /* PeopleRecognitionInteractor.swift */; };
		3ABBE3D0227E1B2100A7D386 /* PeopleRecognitionWorker.swift in Sources */ = {isa = PBXBuildFile; fileRef = 3ABBE3CF227E1B2100A7D386 /* PeopleRecognitionWorker.swift */; };
		3ABBE3D1227E1B2100A7D386 /* PeopleRecognitionWorker.swift in Sources */ = {isa = PBXBuildFile; fileRef = 3ABBE3CF227E1B2100A7D386 /* PeopleRecognitionWorker.swift */; };
		3ABBE3D2227E1B2100A7D386 /* PeopleRecognitionWorker.swift in Sources */ = {isa = PBXBuildFile; fileRef = 3ABBE3CF227E1B2100A7D386 /* PeopleRecognitionWorker.swift */; };
		3ABBE3D4227E1BF500A7D386 /* PeopleRecognitionRouter.swift in Sources */ = {isa = PBXBuildFile; fileRef = 3ABBE3D3227E1BF500A7D386 /* PeopleRecognitionRouter.swift */; };
		3ABBE3D5227E1BF500A7D386 /* PeopleRecognitionRouter.swift in Sources */ = {isa = PBXBuildFile; fileRef = 3ABBE3D3227E1BF500A7D386 /* PeopleRecognitionRouter.swift */; };
		3ABBE3D6227E1BF500A7D386 /* PeopleRecognitionRouter.swift in Sources */ = {isa = PBXBuildFile; fileRef = 3ABBE3D3227E1BF500A7D386 /* PeopleRecognitionRouter.swift */; };
		3AE9FA74227E1D97005BFCD9 /* PeopleRecognition.storyboard in Resources */ = {isa = PBXBuildFile; fileRef = 3AE9FA73227E1D97005BFCD9 /* PeopleRecognition.storyboard */; };
		3AE9FA75227E1D97005BFCD9 /* PeopleRecognition.storyboard in Resources */ = {isa = PBXBuildFile; fileRef = 3AE9FA73227E1D97005BFCD9 /* PeopleRecognition.storyboard */; };
		3AE9FA76227E1D97005BFCD9 /* PeopleRecognition.storyboard in Resources */ = {isa = PBXBuildFile; fileRef = 3AE9FA73227E1D97005BFCD9 /* PeopleRecognition.storyboard */; };
		3AE9FA78227E2096005BFCD9 /* ImagePicker.swift in Sources */ = {isa = PBXBuildFile; fileRef = 3AE9FA77227E2096005BFCD9 /* ImagePicker.swift */; };
		3AE9FA79227E2096005BFCD9 /* ImagePicker.swift in Sources */ = {isa = PBXBuildFile; fileRef = 3AE9FA77227E2096005BFCD9 /* ImagePicker.swift */; };
		3AE9FA7A227E2096005BFCD9 /* ImagePicker.swift in Sources */ = {isa = PBXBuildFile; fileRef = 3AE9FA77227E2096005BFCD9 /* ImagePicker.swift */; };
		3AE9FA7C227E229E005BFCD9 /* ViewTapGestureExtension.swift in Sources */ = {isa = PBXBuildFile; fileRef = 3AE9FA7B227E229E005BFCD9 /* ViewTapGestureExtension.swift */; };
		3AE9FA7D227E229E005BFCD9 /* ViewTapGestureExtension.swift in Sources */ = {isa = PBXBuildFile; fileRef = 3AE9FA7B227E229E005BFCD9 /* ViewTapGestureExtension.swift */; };
		3AE9FA7E227E229E005BFCD9 /* ViewTapGestureExtension.swift in Sources */ = {isa = PBXBuildFile; fileRef = 3AE9FA7B227E229E005BFCD9 /* ViewTapGestureExtension.swift */; };
		3AF3019722870CA3003C7BFF /* PeopleRegistrationProtocols.swift in Sources */ = {isa = PBXBuildFile; fileRef = 3AF3019622870CA3003C7BFF /* PeopleRegistrationProtocols.swift */; };
		3AF3019822870CA3003C7BFF /* PeopleRegistrationProtocols.swift in Sources */ = {isa = PBXBuildFile; fileRef = 3AF3019622870CA3003C7BFF /* PeopleRegistrationProtocols.swift */; };
		3AF3019922870CA3003C7BFF /* PeopleRegistrationProtocols.swift in Sources */ = {isa = PBXBuildFile; fileRef = 3AF3019622870CA3003C7BFF /* PeopleRegistrationProtocols.swift */; };
		3AF3019D22870FC9003C7BFF /* PeopleToRegister.swift in Sources */ = {isa = PBXBuildFile; fileRef = 3AF3019C22870FC9003C7BFF /* PeopleToRegister.swift */; };
		3AF3019E22870FC9003C7BFF /* PeopleToRegister.swift in Sources */ = {isa = PBXBuildFile; fileRef = 3AF3019C22870FC9003C7BFF /* PeopleToRegister.swift */; };
		3AF3019F22870FC9003C7BFF /* PeopleToRegister.swift in Sources */ = {isa = PBXBuildFile; fileRef = 3AF3019C22870FC9003C7BFF /* PeopleToRegister.swift */; };
		3AF301A6228711FC003C7BFF /* RootWireFrame.swift in Sources */ = {isa = PBXBuildFile; fileRef = 3AF301A5228711FC003C7BFF /* RootWireFrame.swift */; };
		3AF301A7228711FC003C7BFF /* RootWireFrame.swift in Sources */ = {isa = PBXBuildFile; fileRef = 3AF301A5228711FC003C7BFF /* RootWireFrame.swift */; };
		3AF301A8228711FC003C7BFF /* RootWireFrame.swift in Sources */ = {isa = PBXBuildFile; fileRef = 3AF301A5228711FC003C7BFF /* RootWireFrame.swift */; };
		3AF301AB228712A4003C7BFF /* TabBarProtocols.swift in Sources */ = {isa = PBXBuildFile; fileRef = 3AF301AA228712A4003C7BFF /* TabBarProtocols.swift */; };
		3AF301AC228712A4003C7BFF /* TabBarProtocols.swift in Sources */ = {isa = PBXBuildFile; fileRef = 3AF301AA228712A4003C7BFF /* TabBarProtocols.swift */; };
		3AF301AD228712A4003C7BFF /* TabBarProtocols.swift in Sources */ = {isa = PBXBuildFile; fileRef = 3AF301AA228712A4003C7BFF /* TabBarProtocols.swift */; };
		3AF301AF22871368003C7BFF /* TabBarModuleRouter.swift in Sources */ = {isa = PBXBuildFile; fileRef = 3AF301AE22871368003C7BFF /* TabBarModuleRouter.swift */; };
		3AF301B022871368003C7BFF /* TabBarModuleRouter.swift in Sources */ = {isa = PBXBuildFile; fileRef = 3AF301AE22871368003C7BFF /* TabBarModuleRouter.swift */; };
		3AF301B122871368003C7BFF /* TabBarModuleRouter.swift in Sources */ = {isa = PBXBuildFile; fileRef = 3AF301AE22871368003C7BFF /* TabBarModuleRouter.swift */; };
		3AF301B722872734003C7BFF /* PeopleRegistrationViewController.swift in Sources */ = {isa = PBXBuildFile; fileRef = 3AF301B622872734003C7BFF /* PeopleRegistrationViewController.swift */; };
		3AF301B822872734003C7BFF /* PeopleRegistrationViewController.swift in Sources */ = {isa = PBXBuildFile; fileRef = 3AF301B622872734003C7BFF /* PeopleRegistrationViewController.swift */; };
		3AF301B922872734003C7BFF /* PeopleRegistrationViewController.swift in Sources */ = {isa = PBXBuildFile; fileRef = 3AF301B622872734003C7BFF /* PeopleRegistrationViewController.swift */; };
		3AF301BB22872754003C7BFF /* PeopleRegistrationPresenter.swift in Sources */ = {isa = PBXBuildFile; fileRef = 3AF301BA22872754003C7BFF /* PeopleRegistrationPresenter.swift */; };
		3AF301BC22872754003C7BFF /* PeopleRegistrationPresenter.swift in Sources */ = {isa = PBXBuildFile; fileRef = 3AF301BA22872754003C7BFF /* PeopleRegistrationPresenter.swift */; };
		3AF301BD22872754003C7BFF /* PeopleRegistrationPresenter.swift in Sources */ = {isa = PBXBuildFile; fileRef = 3AF301BA22872754003C7BFF /* PeopleRegistrationPresenter.swift */; };
		3AF301BF22872785003C7BFF /* PeopleRegistrationInteractor.swift in Sources */ = {isa = PBXBuildFile; fileRef = 3AF301BE22872785003C7BFF /* PeopleRegistrationInteractor.swift */; };
		3AF301C022872785003C7BFF /* PeopleRegistrationInteractor.swift in Sources */ = {isa = PBXBuildFile; fileRef = 3AF301BE22872785003C7BFF /* PeopleRegistrationInteractor.swift */; };
		3AF301C122872785003C7BFF /* PeopleRegistrationInteractor.swift in Sources */ = {isa = PBXBuildFile; fileRef = 3AF301BE22872785003C7BFF /* PeopleRegistrationInteractor.swift */; };
		3AF301C3228727DB003C7BFF /* PeopleRegistrationWorker.swift in Sources */ = {isa = PBXBuildFile; fileRef = 3AF301C2228727DB003C7BFF /* PeopleRegistrationWorker.swift */; };
		3AF301C4228727DB003C7BFF /* PeopleRegistrationWorker.swift in Sources */ = {isa = PBXBuildFile; fileRef = 3AF301C2228727DB003C7BFF /* PeopleRegistrationWorker.swift */; };
		3AF301C5228727DB003C7BFF /* PeopleRegistrationWorker.swift in Sources */ = {isa = PBXBuildFile; fileRef = 3AF301C2228727DB003C7BFF /* PeopleRegistrationWorker.swift */; };
		3AF301C722872912003C7BFF /* PeopleRegistrationRouter.swift in Sources */ = {isa = PBXBuildFile; fileRef = 3AF301C622872912003C7BFF /* PeopleRegistrationRouter.swift */; };
		3AF301C822872912003C7BFF /* PeopleRegistrationRouter.swift in Sources */ = {isa = PBXBuildFile; fileRef = 3AF301C622872912003C7BFF /* PeopleRegistrationRouter.swift */; };
		3AF301C922872912003C7BFF /* PeopleRegistrationRouter.swift in Sources */ = {isa = PBXBuildFile; fileRef = 3AF301C622872912003C7BFF /* PeopleRegistrationRouter.swift */; };
		3AF301CB228729E6003C7BFF /* PeopleRegistration.storyboard in Resources */ = {isa = PBXBuildFile; fileRef = 3AF301CA228729E6003C7BFF /* PeopleRegistration.storyboard */; };
		3AF301CC228729E6003C7BFF /* PeopleRegistration.storyboard in Resources */ = {isa = PBXBuildFile; fileRef = 3AF301CA228729E6003C7BFF /* PeopleRegistration.storyboard */; };
		3AF301CD228729E6003C7BFF /* PeopleRegistration.storyboard in Resources */ = {isa = PBXBuildFile; fileRef = 3AF301CA228729E6003C7BFF /* PeopleRegistration.storyboard */; };
/* End PBXBuildFile section */

/* Begin PBXContainerItemProxy section */
		3ABBE395227DD0E500A7D386 /* PBXContainerItemProxy */ = {
			isa = PBXContainerItemProxy;
			containerPortal = 3ABBE375227DD0E300A7D386 /* Project object */;
			proxyType = 1;
			remoteGlobalIDString = 3ABBE37C227DD0E300A7D386;
			remoteInfo = Vox;
		};
		3ABBE3A0227DD0E500A7D386 /* PBXContainerItemProxy */ = {
			isa = PBXContainerItemProxy;
			containerPortal = 3ABBE375227DD0E300A7D386 /* Project object */;
			proxyType = 1;
			remoteGlobalIDString = 3ABBE37C227DD0E300A7D386;
			remoteInfo = Vox;
		};
/* End PBXContainerItemProxy section */

/* Begin PBXFileReference section */
		3A7FABB022873EA200A7A94A /* HttpService.swift */ = {isa = PBXFileReference; lastKnownFileType = sourcecode.swift; path = HttpService.swift; sourceTree = "<group>"; };
		3A7FABB42287554C00A7A94A /* ViewControllerExtension.swift */ = {isa = PBXFileReference; lastKnownFileType = sourcecode.swift; path = ViewControllerExtension.swift; sourceTree = "<group>"; };
		3ABBE37D227DD0E300A7D386 /* Vox.app */ = {isa = PBXFileReference; explicitFileType = wrapper.application; includeInIndex = 0; path = Vox.app; sourceTree = BUILT_PRODUCTS_DIR; };
		3ABBE380227DD0E300A7D386 /* AppDelegate.swift */ = {isa = PBXFileReference; lastKnownFileType = sourcecode.swift; path = AppDelegate.swift; sourceTree = "<group>"; };
		3ABBE388227DD0E300A7D386 /* Vox.xcdatamodel */ = {isa = PBXFileReference; lastKnownFileType = wrapper.xcdatamodel; path = Vox.xcdatamodel; sourceTree = "<group>"; };
		3ABBE38A227DD0E500A7D386 /* Assets.xcassets */ = {isa = PBXFileReference; lastKnownFileType = folder.assetcatalog; path = Assets.xcassets; sourceTree = "<group>"; };
		3ABBE38D227DD0E500A7D386 /* Base */ = {isa = PBXFileReference; lastKnownFileType = file.storyboard; name = Base; path = Base.lproj/LaunchScreen.storyboard; sourceTree = "<group>"; };
		3ABBE38F227DD0E500A7D386 /* Info.plist */ = {isa = PBXFileReference; lastKnownFileType = text.plist.xml; path = Info.plist; sourceTree = "<group>"; };
		3ABBE394227DD0E500A7D386 /* VoxTests.xctest */ = {isa = PBXFileReference; explicitFileType = wrapper.cfbundle; includeInIndex = 0; path = VoxTests.xctest; sourceTree = BUILT_PRODUCTS_DIR; };
		3ABBE398227DD0E500A7D386 /* VoxTests.swift */ = {isa = PBXFileReference; lastKnownFileType = sourcecode.swift; path = VoxTests.swift; sourceTree = "<group>"; };
		3ABBE39A227DD0E500A7D386 /* Info.plist */ = {isa = PBXFileReference; lastKnownFileType = text.plist.xml; path = Info.plist; sourceTree = "<group>"; };
		3ABBE39F227DD0E500A7D386 /* VoxUITests.xctest */ = {isa = PBXFileReference; explicitFileType = wrapper.cfbundle; includeInIndex = 0; path = VoxUITests.xctest; sourceTree = BUILT_PRODUCTS_DIR; };
		3ABBE3A3227DD0E500A7D386 /* VoxUITests.swift */ = {isa = PBXFileReference; lastKnownFileType = sourcecode.swift; path = VoxUITests.swift; sourceTree = "<group>"; };
		3ABBE3A5227DD0E500A7D386 /* Info.plist */ = {isa = PBXFileReference; lastKnownFileType = text.plist.xml; path = Info.plist; sourceTree = "<group>"; };
		3ABBE3BB227E138E00A7D386 /* CoreDataStore.swift */ = {isa = PBXFileReference; fileEncoding = 4; lastKnownFileType = sourcecode.swift; path = CoreDataStore.swift; sourceTree = "<group>"; };
		3ABBE3BF227E17BA00A7D386 /* PeopleRecognitionProtocols.swift */ = {isa = PBXFileReference; lastKnownFileType = sourcecode.swift; path = PeopleRecognitionProtocols.swift; sourceTree = "<group>"; };
		3ABBE3C3227E190800A7D386 /* PeopleRecognitionViewController.swift */ = {isa = PBXFileReference; lastKnownFileType = sourcecode.swift; path = PeopleRecognitionViewController.swift; sourceTree = "<group>"; };
		3ABBE3C7227E198300A7D386 /* PeopleRecognitionPresenter.swift */ = {isa = PBXFileReference; lastKnownFileType = sourcecode.swift; path = PeopleRecognitionPresenter.swift; sourceTree = "<group>"; };
		3ABBE3CB227E1A1E00A7D386 /* PeopleRecognitionInteractor.swift */ = {isa = PBXFileReference; lastKnownFileType = sourcecode.swift; path = PeopleRecognitionInteractor.swift; sourceTree = "<group>"; };
		3ABBE3CF227E1B2100A7D386 /* PeopleRecognitionWorker.swift */ = {isa = PBXFileReference; lastKnownFileType = sourcecode.swift; path = PeopleRecognitionWorker.swift; sourceTree = "<group>"; };
		3ABBE3D3227E1BF500A7D386 /* PeopleRecognitionRouter.swift */ = {isa = PBXFileReference; lastKnownFileType = sourcecode.swift; path = PeopleRecognitionRouter.swift; sourceTree = "<group>"; };
		3AE9FA73227E1D97005BFCD9 /* PeopleRecognition.storyboard */ = {isa = PBXFileReference; lastKnownFileType = file.storyboard; path = PeopleRecognition.storyboard; sourceTree = "<group>"; };
		3AE9FA77227E2096005BFCD9 /* ImagePicker.swift */ = {isa = PBXFileReference; lastKnownFileType = sourcecode.swift; path = ImagePicker.swift; sourceTree = "<group>"; };
		3AE9FA7B227E229E005BFCD9 /* ViewTapGestureExtension.swift */ = {isa = PBXFileReference; lastKnownFileType = sourcecode.swift; path = ViewTapGestureExtension.swift; sourceTree = "<group>"; };
		3AF3019622870CA3003C7BFF /* PeopleRegistrationProtocols.swift */ = {isa = PBXFileReference; lastKnownFileType = sourcecode.swift; path = PeopleRegistrationProtocols.swift; sourceTree = "<group>"; };
		3AF3019C22870FC9003C7BFF /* PeopleToRegister.swift */ = {isa = PBXFileReference; lastKnownFileType = sourcecode.swift; path = PeopleToRegister.swift; sourceTree = "<group>"; };
		3AF301A5228711FC003C7BFF /* RootWireFrame.swift */ = {isa = PBXFileReference; lastKnownFileType = sourcecode.swift; path = RootWireFrame.swift; sourceTree = "<group>"; };
		3AF301AA228712A4003C7BFF /* TabBarProtocols.swift */ = {isa = PBXFileReference; lastKnownFileType = sourcecode.swift; path = TabBarProtocols.swift; sourceTree = "<group>"; };
		3AF301AE22871368003C7BFF /* TabBarModuleRouter.swift */ = {isa = PBXFileReference; lastKnownFileType = sourcecode.swift; path = TabBarModuleRouter.swift; sourceTree = "<group>"; };
		3AF301B622872734003C7BFF /* PeopleRegistrationViewController.swift */ = {isa = PBXFileReference; lastKnownFileType = sourcecode.swift; name = PeopleRegistrationViewController.swift; path = ../PeopleRegistrationViewController.swift; sourceTree = "<group>"; };
		3AF301BA22872754003C7BFF /* PeopleRegistrationPresenter.swift */ = {isa = PBXFileReference; lastKnownFileType = sourcecode.swift; path = PeopleRegistrationPresenter.swift; sourceTree = "<group>"; };
		3AF301BE22872785003C7BFF /* PeopleRegistrationInteractor.swift */ = {isa = PBXFileReference; lastKnownFileType = sourcecode.swift; path = PeopleRegistrationInteractor.swift; sourceTree = "<group>"; };
		3AF301C2228727DB003C7BFF /* PeopleRegistrationWorker.swift */ = {isa = PBXFileReference; lastKnownFileType = sourcecode.swift; path = PeopleRegistrationWorker.swift; sourceTree = "<group>"; };
		3AF301C622872912003C7BFF /* PeopleRegistrationRouter.swift */ = {isa = PBXFileReference; lastKnownFileType = sourcecode.swift; path = PeopleRegistrationRouter.swift; sourceTree = "<group>"; };
		3AF301CA228729E6003C7BFF /* PeopleRegistration.storyboard */ = {isa = PBXFileReference; lastKnownFileType = file.storyboard; name = PeopleRegistration.storyboard; path = ../PeopleRegistration.storyboard; sourceTree = "<group>"; };
/* End PBXFileReference section */

/* Begin PBXFrameworksBuildPhase section */
		3ABBE37A227DD0E300A7D386 /* Frameworks */ = {
			isa = PBXFrameworksBuildPhase;
			buildActionMask = 2147483647;
			files = (
			);
			runOnlyForDeploymentPostprocessing = 0;
		};
		3ABBE391227DD0E500A7D386 /* Frameworks */ = {
			isa = PBXFrameworksBuildPhase;
			buildActionMask = 2147483647;
			files = (
			);
			runOnlyForDeploymentPostprocessing = 0;
		};
		3ABBE39C227DD0E500A7D386 /* Frameworks */ = {
			isa = PBXFrameworksBuildPhase;
			buildActionMask = 2147483647;
			files = (
			);
			runOnlyForDeploymentPostprocessing = 0;
		};
/* End PBXFrameworksBuildPhase section */

/* Begin PBXGroup section */
		3ABBE374227DD0E300A7D386 = {
			isa = PBXGroup;
			children = (
				3ABBE37F227DD0E300A7D386 /* Vox */,
				3ABBE397227DD0E500A7D386 /* VoxTests */,
				3ABBE3A2227DD0E500A7D386 /* VoxUITests */,
				3ABBE37E227DD0E300A7D386 /* Products */,
			);
			sourceTree = "<group>";
		};
		3ABBE37E227DD0E300A7D386 /* Products */ = {
			isa = PBXGroup;
			children = (
				3ABBE37D227DD0E300A7D386 /* Vox.app */,
				3ABBE394227DD0E500A7D386 /* VoxTests.xctest */,
				3ABBE39F227DD0E500A7D386 /* VoxUITests.xctest */,
			);
			name = Products;
			sourceTree = "<group>";
		};
		3ABBE37F227DD0E300A7D386 /* Vox */ = {
			isa = PBXGroup;
			children = (
				3ABBE3BA227E138E00A7D386 /* Commom */,
				3ABBE3B9227E138E00A7D386 /* Modules */,
				3ABBE38A227DD0E500A7D386 /* Assets.xcassets */,
				3ABBE38C227DD0E500A7D386 /* LaunchScreen.storyboard */,
				3ABBE38F227DD0E500A7D386 /* Info.plist */,
				3ABBE387227DD0E300A7D386 /* Vox.xcdatamodeld */,
			);
			path = Vox;
			sourceTree = "<group>";
		};
		3ABBE397227DD0E500A7D386 /* VoxTests */ = {
			isa = PBXGroup;
			children = (
				3ABBE398227DD0E500A7D386 /* VoxTests.swift */,
				3ABBE39A227DD0E500A7D386 /* Info.plist */,
			);
			path = VoxTests;
			sourceTree = "<group>";
		};
		3ABBE3A2227DD0E500A7D386 /* VoxUITests */ = {
			isa = PBXGroup;
			children = (
				3ABBE3A3227DD0E500A7D386 /* VoxUITests.swift */,
				3ABBE3A5227DD0E500A7D386 /* Info.plist */,
			);
			path = VoxUITests;
			sourceTree = "<group>";
		};
		3ABBE3B9227E138E00A7D386 /* Modules */ = {
			isa = PBXGroup;
			children = (
				3AF301A4228711DA003C7BFF /* App */,
				3AF3019522870C26003C7BFF /* PeopleRegistration */,
				3AF3019422870C0B003C7BFF /* PeopleRecognition */,
				3AF301A922871265003C7BFF /* TabBar */,
			);
			path = Modules;
			sourceTree = "<group>";
		};
		3ABBE3BA227E138E00A7D386 /* Commom */ = {
			isa = PBXGroup;
			children = (
				3ABBE3BB227E138E00A7D386 /* CoreDataStore.swift */,
				3AE9FA77227E2096005BFCD9 /* ImagePicker.swift */,
				3AE9FA7B227E229E005BFCD9 /* ViewTapGestureExtension.swift */,
				3A7FABB022873EA200A7A94A /* HttpService.swift */,
				3A7FABB42287554C00A7A94A /* ViewControllerExtension.swift */,
			);
			path = Commom;
			sourceTree = "<group>";
		};
		3AF3019422870C0B003C7BFF /* PeopleRecognition */ = {
			isa = PBXGroup;
			children = (
				3AF3019A22870D48003C7BFF /* View */,
				3ABBE3BF227E17BA00A7D386 /* PeopleRecognitionProtocols.swift */,
				3ABBE3C7227E198300A7D386 /* PeopleRecognitionPresenter.swift */,
				3ABBE3CB227E1A1E00A7D386 /* PeopleRecognitionInteractor.swift */,
				3ABBE3CF227E1B2100A7D386 /* PeopleRecognitionWorker.swift */,
				3ABBE3D3227E1BF500A7D386 /* PeopleRecognitionRouter.swift */,
			);
			path = PeopleRecognition;
			sourceTree = "<group>";
		};
		3AF3019522870C26003C7BFF /* PeopleRegistration */ = {
			isa = PBXGroup;
			children = (
				3AF3019B22870FAB003C7BFF /* Entities */,
				3AF301CE228739DB003C7BFF /* View */,
				3AF3019622870CA3003C7BFF /* PeopleRegistrationProtocols.swift */,
				3AF301BA22872754003C7BFF /* PeopleRegistrationPresenter.swift */,
				3AF301BE22872785003C7BFF /* PeopleRegistrationInteractor.swift */,
				3AF301C2228727DB003C7BFF /* PeopleRegistrationWorker.swift */,
				3AF301C622872912003C7BFF /* PeopleRegistrationRouter.swift */,
			);
			path = PeopleRegistration;
			sourceTree = "<group>";
		};
		3AF3019A22870D48003C7BFF /* View */ = {
			isa = PBXGroup;
			children = (
				3ABBE3C3227E190800A7D386 /* PeopleRecognitionViewController.swift */,
				3AE9FA73227E1D97005BFCD9 /* PeopleRecognition.storyboard */,
			);
			path = View;
			sourceTree = "<group>";
		};
		3AF3019B22870FAB003C7BFF /* Entities */ = {
			isa = PBXGroup;
			children = (
				3AF3019C22870FC9003C7BFF /* PeopleToRegister.swift */,
			);
			path = Entities;
			sourceTree = "<group>";
		};
		3AF301A4228711DA003C7BFF /* App */ = {
			isa = PBXGroup;
			children = (
				3ABBE380227DD0E300A7D386 /* AppDelegate.swift */,
				3AF301A5228711FC003C7BFF /* RootWireFrame.swift */,
			);
			path = App;
			sourceTree = "<group>";
		};
		3AF301A922871265003C7BFF /* TabBar */ = {
			isa = PBXGroup;
			children = (
				3AF301AA228712A4003C7BFF /* TabBarProtocols.swift */,
				3AF301AE22871368003C7BFF /* TabBarModuleRouter.swift */,
			);
			path = TabBar;
			sourceTree = "<group>";
		};
		3AF301CE228739DB003C7BFF /* View */ = {
			isa = PBXGroup;
			children = (
				3AF301B622872734003C7BFF /* PeopleRegistrationViewController.swift */,
				3AF301CA228729E6003C7BFF /* PeopleRegistration.storyboard */,
			);
			path = View;
			sourceTree = "<group>";
		};
/* End PBXGroup section */

/* Begin PBXNativeTarget section */
		3ABBE37C227DD0E300A7D386 /* Vox */ = {
			isa = PBXNativeTarget;
			buildConfigurationList = 3ABBE3A8227DD0E500A7D386 /* Build configuration list for PBXNativeTarget "Vox" */;
			buildPhases = (
				3ABBE379227DD0E300A7D386 /* Sources */,
				3ABBE37A227DD0E300A7D386 /* Frameworks */,
				3ABBE37B227DD0E300A7D386 /* Resources */,
			);
			buildRules = (
			);
			dependencies = (
			);
			name = Vox;
			productName = Vox;
			productReference = 3ABBE37D227DD0E300A7D386 /* Vox.app */;
			productType = "com.apple.product-type.application";
		};
		3ABBE393227DD0E500A7D386 /* VoxTests */ = {
			isa = PBXNativeTarget;
			buildConfigurationList = 3ABBE3AB227DD0E500A7D386 /* Build configuration list for PBXNativeTarget "VoxTests" */;
			buildPhases = (
				3ABBE390227DD0E500A7D386 /* Sources */,
				3ABBE391227DD0E500A7D386 /* Frameworks */,
				3ABBE392227DD0E500A7D386 /* Resources */,
			);
			buildRules = (
			);
			dependencies = (
				3ABBE396227DD0E500A7D386 /* PBXTargetDependency */,
			);
			name = VoxTests;
			productName = VoxTests;
			productReference = 3ABBE394227DD0E500A7D386 /* VoxTests.xctest */;
			productType = "com.apple.product-type.bundle.unit-test";
		};
		3ABBE39E227DD0E500A7D386 /* VoxUITests */ = {
			isa = PBXNativeTarget;
			buildConfigurationList = 3ABBE3AE227DD0E500A7D386 /* Build configuration list for PBXNativeTarget "VoxUITests" */;
			buildPhases = (
				3ABBE39B227DD0E500A7D386 /* Sources */,
				3ABBE39C227DD0E500A7D386 /* Frameworks */,
				3ABBE39D227DD0E500A7D386 /* Resources */,
			);
			buildRules = (
			);
			dependencies = (
				3ABBE3A1227DD0E500A7D386 /* PBXTargetDependency */,
			);
			name = VoxUITests;
			productName = VoxUITests;
			productReference = 3ABBE39F227DD0E500A7D386 /* VoxUITests.xctest */;
			productType = "com.apple.product-type.bundle.ui-testing";
		};
/* End PBXNativeTarget section */

/* Begin PBXProject section */
		3ABBE375227DD0E300A7D386 /* Project object */ = {
			isa = PBXProject;
			attributes = {
				LastSwiftUpdateCheck = 1020;
				LastUpgradeCheck = 1020;
				ORGANIZATIONNAME = "Paulo Henrique dos Santos";
				TargetAttributes = {
					3ABBE37C227DD0E300A7D386 = {
						CreatedOnToolsVersion = 10.2.1;
					};
					3ABBE393227DD0E500A7D386 = {
						CreatedOnToolsVersion = 10.2.1;
						TestTargetID = 3ABBE37C227DD0E300A7D386;
					};
					3ABBE39E227DD0E500A7D386 = {
						CreatedOnToolsVersion = 10.2.1;
						TestTargetID = 3ABBE37C227DD0E300A7D386;
					};
				};
			};
			buildConfigurationList = 3ABBE378227DD0E300A7D386 /* Build configuration list for PBXProject "Vox" */;
			compatibilityVersion = "Xcode 9.3";
			developmentRegion = en;
			hasScannedForEncodings = 0;
			knownRegions = (
				en,
				Base,
			);
			mainGroup = 3ABBE374227DD0E300A7D386;
			productRefGroup = 3ABBE37E227DD0E300A7D386 /* Products */;
			projectDirPath = "";
			projectRoot = "";
			targets = (
				3ABBE37C227DD0E300A7D386 /* Vox */,
				3ABBE393227DD0E500A7D386 /* VoxTests */,
				3ABBE39E227DD0E500A7D386 /* VoxUITests */,
			);
		};
/* End PBXProject section */

/* Begin PBXResourcesBuildPhase section */
		3ABBE37B227DD0E300A7D386 /* Resources */ = {
			isa = PBXResourcesBuildPhase;
			buildActionMask = 2147483647;
			files = (
				3AF301CB228729E6003C7BFF /* PeopleRegistration.storyboard in Resources */,
				3ABBE38E227DD0E500A7D386 /* LaunchScreen.storyboard in Resources */,
				3AE9FA74227E1D97005BFCD9 /* PeopleRecognition.storyboard in Resources */,
				3ABBE38B227DD0E500A7D386 /* Assets.xcassets in Resources */,
			);
			runOnlyForDeploymentPostprocessing = 0;
		};
		3ABBE392227DD0E500A7D386 /* Resources */ = {
			isa = PBXResourcesBuildPhase;
			buildActionMask = 2147483647;
			files = (
				3AF301CC228729E6003C7BFF /* PeopleRegistration.storyboard in Resources */,
				3AE9FA75227E1D97005BFCD9 /* PeopleRecognition.storyboard in Resources */,
			);
			runOnlyForDeploymentPostprocessing = 0;
		};
		3ABBE39D227DD0E500A7D386 /* Resources */ = {
			isa = PBXResourcesBuildPhase;
			buildActionMask = 2147483647;
			files = (
				3AF301CD228729E6003C7BFF /* PeopleRegistration.storyboard in Resources */,
				3AE9FA76227E1D97005BFCD9 /* PeopleRecognition.storyboard in Resources */,
			);
			runOnlyForDeploymentPostprocessing = 0;
		};
/* End PBXResourcesBuildPhase section */

/* Begin PBXSourcesBuildPhase section */
		3ABBE379227DD0E300A7D386 /* Sources */ = {
			isa = PBXSourcesBuildPhase;
			buildActionMask = 2147483647;
			files = (
				3AF301BF22872785003C7BFF /* PeopleRegistrationInteractor.swift in Sources */,
				3A7FABB122873EA200A7A94A /* HttpService.swift in Sources */,
				3AE9FA7C227E229E005BFCD9 /* ViewTapGestureExtension.swift in Sources */,
				3A7FABB52287554C00A7A94A /* ViewControllerExtension.swift in Sources */,
				3AF301AB228712A4003C7BFF /* TabBarProtocols.swift in Sources */,
				3AF301A6228711FC003C7BFF /* RootWireFrame.swift in Sources */,
				3ABBE3D0227E1B2100A7D386 /* PeopleRecognitionWorker.swift in Sources */,
				3AF301B722872734003C7BFF /* PeopleRegistrationViewController.swift in Sources */,
				3AF301C722872912003C7BFF /* PeopleRegistrationRouter.swift in Sources */,
				3ABBE3C0227E17BA00A7D386 /* PeopleRecognitionProtocols.swift in Sources */,
				3ABBE389227DD0E300A7D386 /* Vox.xcdatamodeld in Sources */,
				3AF301AF22871368003C7BFF /* TabBarModuleRouter.swift in Sources */,
				3AF301BB22872754003C7BFF /* PeopleRegistrationPresenter.swift in Sources */,
				3ABBE3C8227E198300A7D386 /* PeopleRecognitionPresenter.swift in Sources */,
				3AF3019D22870FC9003C7BFF /* PeopleToRegister.swift in Sources */,
				3ABBE3BC227E138E00A7D386 /* CoreDataStore.swift in Sources */,
				3ABBE381227DD0E300A7D386 /* AppDelegate.swift in Sources */,
				3AF3019722870CA3003C7BFF /* PeopleRegistrationProtocols.swift in Sources */,
				3AE9FA78227E2096005BFCD9 /* ImagePicker.swift in Sources */,
				3ABBE3C4227E190800A7D386 /* PeopleRecognitionViewController.swift in Sources */,
				3ABBE3CC227E1A1E00A7D386 /* PeopleRecognitionInteractor.swift in Sources */,
				3ABBE3D4227E1BF500A7D386 /* PeopleRecognitionRouter.swift in Sources */,
				3AF301C3228727DB003C7BFF /* PeopleRegistrationWorker.swift in Sources */,
			);
			runOnlyForDeploymentPostprocessing = 0;
		};
		3ABBE390227DD0E500A7D386 /* Sources */ = {
			isa = PBXSourcesBuildPhase;
			buildActionMask = 2147483647;
			files = (
				3ABBE3D1227E1B2100A7D386 /* PeopleRecognitionWorker.swift in Sources */,
				3ABBE3C9227E198300A7D386 /* PeopleRecognitionPresenter.swift in Sources */,
				3AF301B822872734003C7BFF /* PeopleRegistrationViewController.swift in Sources */,
				3AF3019822870CA3003C7BFF /* PeopleRegistrationProtocols.swift in Sources */,
				3ABBE3C1227E17BA00A7D386 /* PeopleRecognitionProtocols.swift in Sources */,
				3AE9FA79227E2096005BFCD9 /* ImagePicker.swift in Sources */,
				3AE9FA7D227E229E005BFCD9 /* ViewTapGestureExtension.swift in Sources */,
				3AF301C4228727DB003C7BFF /* PeopleRegistrationWorker.swift in Sources */,
				3AF301C022872785003C7BFF /* PeopleRegistrationInteractor.swift in Sources */,
				3AF3019E22870FC9003C7BFF /* PeopleToRegister.swift in Sources */,
				3ABBE3BD227E138E00A7D386 /* CoreDataStore.swift in Sources */,
				3ABBE3CD227E1A1E00A7D386 /* PeopleRecognitionInteractor.swift in Sources */,
				3AF301BC22872754003C7BFF /* PeopleRegistrationPresenter.swift in Sources */,
				3AF301AC228712A4003C7BFF /* TabBarProtocols.swift in Sources */,
				3AF301C822872912003C7BFF /* PeopleRegistrationRouter.swift in Sources */,
				3AF301B022871368003C7BFF /* TabBarModuleRouter.swift in Sources */,
				3AF301A7228711FC003C7BFF /* RootWireFrame.swift in Sources */,
				3ABBE399227DD0E500A7D386 /* VoxTests.swift in Sources */,
				3A7FABB62287554C00A7A94A /* ViewControllerExtension.swift in Sources */,
				3ABBE3C5227E190800A7D386 /* PeopleRecognitionViewController.swift in Sources */,
				3ABBE3D5227E1BF500A7D386 /* PeopleRecognitionRouter.swift in Sources */,
				3A7FABB222873EA200A7A94A /* HttpService.swift in Sources */,
			);
			runOnlyForDeploymentPostprocessing = 0;
		};
		3ABBE39B227DD0E500A7D386 /* Sources */ = {
			isa = PBXSourcesBuildPhase;
			buildActionMask = 2147483647;
			files = (
				3ABBE3D2227E1B2100A7D386 /* PeopleRecognitionWorker.swift in Sources */,
				3ABBE3CA227E198300A7D386 /* PeopleRecognitionPresenter.swift in Sources */,
				3AF301B922872734003C7BFF /* PeopleRegistrationViewController.swift in Sources */,
				3AF3019922870CA3003C7BFF /* PeopleRegistrationProtocols.swift in Sources */,
				3ABBE3C2227E17BA00A7D386 /* PeopleRecognitionProtocols.swift in Sources */,
				3AE9FA7A227E2096005BFCD9 /* ImagePicker.swift in Sources */,
				3AE9FA7E227E229E005BFCD9 /* ViewTapGestureExtension.swift in Sources */,
				3AF301C5228727DB003C7BFF /* PeopleRegistrationWorker.swift in Sources */,
				3AF301C122872785003C7BFF /* PeopleRegistrationInteractor.swift in Sources */,
				3AF3019F22870FC9003C7BFF /* PeopleToRegister.swift in Sources */,
				3ABBE3BE227E138E00A7D386 /* CoreDataStore.swift in Sources */,
				3ABBE3CE227E1A1E00A7D386 /* PeopleRecognitionInteractor.swift in Sources */,
				3AF301BD22872754003C7BFF /* PeopleRegistrationPresenter.swift in Sources */,
				3AF301AD228712A4003C7BFF /* TabBarProtocols.swift in Sources */,
				3AF301C922872912003C7BFF /* PeopleRegistrationRouter.swift in Sources */,
				3AF301B122871368003C7BFF /* TabBarModuleRouter.swift in Sources */,
				3AF301A8228711FC003C7BFF /* RootWireFrame.swift in Sources */,
				3ABBE3A4227DD0E500A7D386 /* VoxUITests.swift in Sources */,
				3A7FABB72287554C00A7A94A /* ViewControllerExtension.swift in Sources */,
				3ABBE3C6227E190800A7D386 /* PeopleRecognitionViewController.swift in Sources */,
				3ABBE3D6227E1BF500A7D386 /* PeopleRecognitionRouter.swift in Sources */,
				3A7FABB322873EA200A7A94A /* HttpService.swift in Sources */,
			);
			runOnlyForDeploymentPostprocessing = 0;
		};
/* End PBXSourcesBuildPhase section */

/* Begin PBXTargetDependency section */
		3ABBE396227DD0E500A7D386 /* PBXTargetDependency */ = {
			isa = PBXTargetDependency;
			target = 3ABBE37C227DD0E300A7D386 /* Vox */;
			targetProxy = 3ABBE395227DD0E500A7D386 /* PBXContainerItemProxy */;
		};
		3ABBE3A1227DD0E500A7D386 /* PBXTargetDependency */ = {
			isa = PBXTargetDependency;
			target = 3ABBE37C227DD0E300A7D386 /* Vox */;
			targetProxy = 3ABBE3A0227DD0E500A7D386 /* PBXContainerItemProxy */;
		};
/* End PBXTargetDependency section */

/* Begin PBXVariantGroup section */
		3ABBE38C227DD0E500A7D386 /* LaunchScreen.storyboard */ = {
			isa = PBXVariantGroup;
			children = (
				3ABBE38D227DD0E500A7D386 /* Base */,
			);
			name = LaunchScreen.storyboard;
			sourceTree = "<group>";
		};
/* End PBXVariantGroup section */

/* Begin XCBuildConfiguration section */
		3ABBE3A6227DD0E500A7D386 /* Debug */ = {
			isa = XCBuildConfiguration;
			buildSettings = {
				ALWAYS_SEARCH_USER_PATHS = NO;
				CLANG_ANALYZER_NONNULL = YES;
				CLANG_ANALYZER_NUMBER_OBJECT_CONVERSION = YES_AGGRESSIVE;
				CLANG_CXX_LANGUAGE_STANDARD = "gnu++14";
				CLANG_CXX_LIBRARY = "libc++";
				CLANG_ENABLE_MODULES = YES;
				CLANG_ENABLE_OBJC_ARC = YES;
				CLANG_ENABLE_OBJC_WEAK = YES;
				CLANG_WARN_BLOCK_CAPTURE_AUTORELEASING = YES;
				CLANG_WARN_BOOL_CONVERSION = YES;
				CLANG_WARN_COMMA = YES;
				CLANG_WARN_CONSTANT_CONVERSION = YES;
				CLANG_WARN_DEPRECATED_OBJC_IMPLEMENTATIONS = YES;
				CLANG_WARN_DIRECT_OBJC_ISA_USAGE = YES_ERROR;
				CLANG_WARN_DOCUMENTATION_COMMENTS = YES;
				CLANG_WARN_EMPTY_BODY = YES;
				CLANG_WARN_ENUM_CONVERSION = YES;
				CLANG_WARN_INFINITE_RECURSION = YES;
				CLANG_WARN_INT_CONVERSION = YES;
				CLANG_WARN_NON_LITERAL_NULL_CONVERSION = YES;
				CLANG_WARN_OBJC_IMPLICIT_RETAIN_SELF = YES;
				CLANG_WARN_OBJC_LITERAL_CONVERSION = YES;
				CLANG_WARN_OBJC_ROOT_CLASS = YES_ERROR;
				CLANG_WARN_RANGE_LOOP_ANALYSIS = YES;
				CLANG_WARN_STRICT_PROTOTYPES = YES;
				CLANG_WARN_SUSPICIOUS_MOVE = YES;
				CLANG_WARN_UNGUARDED_AVAILABILITY = YES_AGGRESSIVE;
				CLANG_WARN_UNREACHABLE_CODE = YES;
				CLANG_WARN__DUPLICATE_METHOD_MATCH = YES;
				CODE_SIGN_IDENTITY = "iPhone Developer";
				COPY_PHASE_STRIP = NO;
				DEBUG_INFORMATION_FORMAT = dwarf;
				ENABLE_STRICT_OBJC_MSGSEND = YES;
				ENABLE_TESTABILITY = YES;
				GCC_C_LANGUAGE_STANDARD = gnu11;
				GCC_DYNAMIC_NO_PIC = NO;
				GCC_NO_COMMON_BLOCKS = YES;
				GCC_OPTIMIZATION_LEVEL = 0;
				GCC_PREPROCESSOR_DEFINITIONS = (
					"DEBUG=1",
					"$(inherited)",
				);
				GCC_WARN_64_TO_32_BIT_CONVERSION = YES;
				GCC_WARN_ABOUT_RETURN_TYPE = YES_ERROR;
				GCC_WARN_UNDECLARED_SELECTOR = YES;
				GCC_WARN_UNINITIALIZED_AUTOS = YES_AGGRESSIVE;
				GCC_WARN_UNUSED_FUNCTION = YES;
				GCC_WARN_UNUSED_VARIABLE = YES;
				IPHONEOS_DEPLOYMENT_TARGET = 12.0;
				MTL_ENABLE_DEBUG_INFO = INCLUDE_SOURCE;
				MTL_FAST_MATH = YES;
				ONLY_ACTIVE_ARCH = YES;
				SDKROOT = iphoneos;
				SWIFT_ACTIVE_COMPILATION_CONDITIONS = DEBUG;
				SWIFT_OPTIMIZATION_LEVEL = "-Onone";
			};
			name = Debug;
		};
		3ABBE3A7227DD0E500A7D386 /* Release */ = {
			isa = XCBuildConfiguration;
			buildSettings = {
				ALWAYS_SEARCH_USER_PATHS = NO;
				CLANG_ANALYZER_NONNULL = YES;
				CLANG_ANALYZER_NUMBER_OBJECT_CONVERSION = YES_AGGRESSIVE;
				CLANG_CXX_LANGUAGE_STANDARD = "gnu++14";
				CLANG_CXX_LIBRARY = "libc++";
				CLANG_ENABLE_MODULES = YES;
				CLANG_ENABLE_OBJC_ARC = YES;
				CLANG_ENABLE_OBJC_WEAK = YES;
				CLANG_WARN_BLOCK_CAPTURE_AUTORELEASING = YES;
				CLANG_WARN_BOOL_CONVERSION = YES;
				CLANG_WARN_COMMA = YES;
				CLANG_WARN_CONSTANT_CONVERSION = YES;
				CLANG_WARN_DEPRECATED_OBJC_IMPLEMENTATIONS = YES;
				CLANG_WARN_DIRECT_OBJC_ISA_USAGE = YES_ERROR;
				CLANG_WARN_DOCUMENTATION_COMMENTS = YES;
				CLANG_WARN_EMPTY_BODY = YES;
				CLANG_WARN_ENUM_CONVERSION = YES;
				CLANG_WARN_INFINITE_RECURSION = YES;
				CLANG_WARN_INT_CONVERSION = YES;
				CLANG_WARN_NON_LITERAL_NULL_CONVERSION = YES;
				CLANG_WARN_OBJC_IMPLICIT_RETAIN_SELF = YES;
				CLANG_WARN_OBJC_LITERAL_CONVERSION = YES;
				CLANG_WARN_OBJC_ROOT_CLASS = YES_ERROR;
				CLANG_WARN_RANGE_LOOP_ANALYSIS = YES;
				CLANG_WARN_STRICT_PROTOTYPES = YES;
				CLANG_WARN_SUSPICIOUS_MOVE = YES;
				CLANG_WARN_UNGUARDED_AVAILABILITY = YES_AGGRESSIVE;
				CLANG_WARN_UNREACHABLE_CODE = YES;
				CLANG_WARN__DUPLICATE_METHOD_MATCH = YES;
				CODE_SIGN_IDENTITY = "iPhone Developer";
				COPY_PHASE_STRIP = NO;
				DEBUG_INFORMATION_FORMAT = "dwarf-with-dsym";
				ENABLE_NS_ASSERTIONS = NO;
				ENABLE_STRICT_OBJC_MSGSEND = YES;
				GCC_C_LANGUAGE_STANDARD = gnu11;
				GCC_NO_COMMON_BLOCKS = YES;
				GCC_WARN_64_TO_32_BIT_CONVERSION = YES;
				GCC_WARN_ABOUT_RETURN_TYPE = YES_ERROR;
				GCC_WARN_UNDECLARED_SELECTOR = YES;
				GCC_WARN_UNINITIALIZED_AUTOS = YES_AGGRESSIVE;
				GCC_WARN_UNUSED_FUNCTION = YES;
				GCC_WARN_UNUSED_VARIABLE = YES;
				IPHONEOS_DEPLOYMENT_TARGET = 12.0;
				MTL_ENABLE_DEBUG_INFO = NO;
				MTL_FAST_MATH = YES;
				SDKROOT = iphoneos;
				SWIFT_COMPILATION_MODE = wholemodule;
				SWIFT_OPTIMIZATION_LEVEL = "-O";
				VALIDATE_PRODUCT = YES;
			};
			name = Release;
		};
		3ABBE3A9227DD0E500A7D386 /* Debug */ = {
			isa = XCBuildConfiguration;
			buildSettings = {
				ASSETCATALOG_COMPILER_APPICON_NAME = AppIcon;
				CODE_SIGN_STYLE = Automatic;
				DEVELOPMENT_TEAM = ER489438ZX;
				INFOPLIST_FILE = Vox/Info.plist;
				LD_RUNPATH_SEARCH_PATHS = (
					"$(inherited)",
					"@executable_path/Frameworks",
				);
				PRODUCT_BUNDLE_IDENTIFIER = com.pauloSantos.Vox;
				PRODUCT_NAME = "$(TARGET_NAME)";
				SWIFT_VERSION = 5.0;
				TARGETED_DEVICE_FAMILY = "1,2";
			};
			name = Debug;
		};
		3ABBE3AA227DD0E500A7D386 /* Release */ = {
			isa = XCBuildConfiguration;
			buildSettings = {
				ASSETCATALOG_COMPILER_APPICON_NAME = AppIcon;
				CODE_SIGN_STYLE = Automatic;
				DEVELOPMENT_TEAM = ER489438ZX;
				INFOPLIST_FILE = Vox/Info.plist;
				LD_RUNPATH_SEARCH_PATHS = (
					"$(inherited)",
					"@executable_path/Frameworks",
				);
				PRODUCT_BUNDLE_IDENTIFIER = com.pauloSantos.Vox;
				PRODUCT_NAME = "$(TARGET_NAME)";
				SWIFT_VERSION = 5.0;
				TARGETED_DEVICE_FAMILY = "1,2";
			};
			name = Release;
		};
		3ABBE3AC227DD0E500A7D386 /* Debug */ = {
			isa = XCBuildConfiguration;
			buildSettings = {
				ALWAYS_EMBED_SWIFT_STANDARD_LIBRARIES = YES;
				BUNDLE_LOADER = "$(TEST_HOST)";
				CODE_SIGN_STYLE = Automatic;
				INFOPLIST_FILE = VoxTests/Info.plist;
				LD_RUNPATH_SEARCH_PATHS = (
					"$(inherited)",
					"@executable_path/Frameworks",
					"@loader_path/Frameworks",
				);
				PRODUCT_BUNDLE_IDENTIFIER = com.pauloSantos.VoxTests;
				PRODUCT_NAME = "$(TARGET_NAME)";
				SWIFT_VERSION = 5.0;
				TARGETED_DEVICE_FAMILY = "1,2";
				TEST_HOST = "$(BUILT_PRODUCTS_DIR)/Vox.app/Vox";
			};
			name = Debug;
		};
		3ABBE3AD227DD0E500A7D386 /* Release */ = {
			isa = XCBuildConfiguration;
			buildSettings = {
				ALWAYS_EMBED_SWIFT_STANDARD_LIBRARIES = YES;
				BUNDLE_LOADER = "$(TEST_HOST)";
				CODE_SIGN_STYLE = Automatic;
				INFOPLIST_FILE = VoxTests/Info.plist;
				LD_RUNPATH_SEARCH_PATHS = (
					"$(inherited)",
					"@executable_path/Frameworks",
					"@loader_path/Frameworks",
				);
				PRODUCT_BUNDLE_IDENTIFIER = com.pauloSantos.VoxTests;
				PRODUCT_NAME = "$(TARGET_NAME)";
				SWIFT_VERSION = 5.0;
				TARGETED_DEVICE_FAMILY = "1,2";
				TEST_HOST = "$(BUILT_PRODUCTS_DIR)/Vox.app/Vox";
			};
			name = Release;
		};
		3ABBE3AF227DD0E500A7D386 /* Debug */ = {
			isa = XCBuildConfiguration;
			buildSettings = {
				ALWAYS_EMBED_SWIFT_STANDARD_LIBRARIES = YES;
				CODE_SIGN_STYLE = Automatic;
				INFOPLIST_FILE = VoxUITests/Info.plist;
				LD_RUNPATH_SEARCH_PATHS = (
					"$(inherited)",
					"@executable_path/Frameworks",
					"@loader_path/Frameworks",
				);
				PRODUCT_BUNDLE_IDENTIFIER = com.pauloSantos.VoxUITests;
				PRODUCT_NAME = "$(TARGET_NAME)";
				SWIFT_VERSION = 5.0;
				TARGETED_DEVICE_FAMILY = "1,2";
				TEST_TARGET_NAME = Vox;
			};
			name = Debug;
		};
		3ABBE3B0227DD0E500A7D386 /* Release */ = {
			isa = XCBuildConfiguration;
			buildSettings = {
				ALWAYS_EMBED_SWIFT_STANDARD_LIBRARIES = YES;
				CODE_SIGN_STYLE = Automatic;
				INFOPLIST_FILE = VoxUITests/Info.plist;
				LD_RUNPATH_SEARCH_PATHS = (
					"$(inherited)",
					"@executable_path/Frameworks",
					"@loader_path/Frameworks",
				);
				PRODUCT_BUNDLE_IDENTIFIER = com.pauloSantos.VoxUITests;
				PRODUCT_NAME = "$(TARGET_NAME)";
				SWIFT_VERSION = 5.0;
				TARGETED_DEVICE_FAMILY = "1,2";
				TEST_TARGET_NAME = Vox;
			};
			name = Release;
		};
/* End XCBuildConfiguration section */

/* Begin XCConfigurationList section */
		3ABBE378227DD0E300A7D386 /* Build configuration list for PBXProject "Vox" */ = {
			isa = XCConfigurationList;
			buildConfigurations = (
				3ABBE3A6227DD0E500A7D386 /* Debug */,
				3ABBE3A7227DD0E500A7D386 /* Release */,
			);
			defaultConfigurationIsVisible = 0;
			defaultConfigurationName = Release;
		};
		3ABBE3A8227DD0E500A7D386 /* Build configuration list for PBXNativeTarget "Vox" */ = {
			isa = XCConfigurationList;
			buildConfigurations = (
				3ABBE3A9227DD0E500A7D386 /* Debug */,
				3ABBE3AA227DD0E500A7D386 /* Release */,
			);
			defaultConfigurationIsVisible = 0;
			defaultConfigurationName = Release;
		};
		3ABBE3AB227DD0E500A7D386 /* Build configuration list for PBXNativeTarget "VoxTests" */ = {
			isa = XCConfigurationList;
			buildConfigurations = (
				3ABBE3AC227DD0E500A7D386 /* Debug */,
				3ABBE3AD227DD0E500A7D386 /* Release */,
			);
			defaultConfigurationIsVisible = 0;
			defaultConfigurationName = Release;
		};
		3ABBE3AE227DD0E500A7D386 /* Build configuration list for PBXNativeTarget "VoxUITests" */ = {
			isa = XCConfigurationList;
			buildConfigurations = (
				3ABBE3AF227DD0E500A7D386 /* Debug */,
				3ABBE3B0227DD0E500A7D386 /* Release */,
			);
			defaultConfigurationIsVisible = 0;
			defaultConfigurationName = Release;
		};
/* End XCConfigurationList section */

/* Begin XCVersionGroup section */
		3ABBE387227DD0E300A7D386 /* Vox.xcdatamodeld */ = {
			isa = XCVersionGroup;
			children = (
				3ABBE388227DD0E300A7D386 /* Vox.xcdatamodel */,
			);
			currentVersion = 3ABBE388227DD0E300A7D386 /* Vox.xcdatamodel */;
			path = Vox.xcdatamodeld;
			sourceTree = "<group>";
			versionGroupType = wrapper.xcdatamodel;
		};
/* End XCVersionGroup section */
	};
	rootObject = 3ABBE375227DD0E300A7D386 /* Project object */;
}
